// !$*UTF8*$!
{
	archiveVersion = 1;
	classes = {
	};
	objectVersion = 46;
	objects = {

/* Begin PBXBuildFile section */
		035E07DD1AEB64CF00935A9D /* main.m in Sources */ = {isa = PBXBuildFile; fileRef = 035E07DC1AEB64CF00935A9D /* main.m */; };
		035E07E01AEB64CF00935A9D /* AppDelegate.m in Sources */ = {isa = PBXBuildFile; fileRef = 035E07DF1AEB64CF00935A9D /* AppDelegate.m */; };
		035E07E31AEB64CF00935A9D /* ViewController.m in Sources */ = {isa = PBXBuildFile; fileRef = 035E07E21AEB64CF00935A9D /* ViewController.m */; };
		035E07E61AEB64CF00935A9D /* Main.storyboard in Resources */ = {isa = PBXBuildFile; fileRef = 035E07E41AEB64CF00935A9D /* Main.storyboard */; };
		035E07E81AEB64CF00935A9D /* Images.xcassets in Resources */ = {isa = PBXBuildFile; fileRef = 035E07E71AEB64CF00935A9D /* Images.xcassets */; };
		035E07EB1AEB64CF00935A9D /* LaunchScreen.xib in Resources */ = {isa = PBXBuildFile; fileRef = 035E07E91AEB64CF00935A9D /* LaunchScreen.xib */; };
		035E07F71AEB64CF00935A9D /* CustomBackBarButtonItemTests.m in Sources */ = {isa = PBXBuildFile; fileRef = 035E07F61AEB64CF00935A9D /* CustomBackBarButtonItemTests.m */; };
		035E08031AEB6BCC00935A9D /* WFNavigationController.m in Sources */ = {isa = PBXBuildFile; fileRef = 035E08021AEB6BCC00935A9D /* WFNavigationController.m */; };
		035E08061AEB6FD600935A9D /* SecondViewController.m in Sources */ = {isa = PBXBuildFile; fileRef = 035E08051AEB6FD600935A9D /* SecondViewController.m */; };
		035E08091AEB6FE300935A9D /* ThirdViewController.m in Sources */ = {isa = PBXBuildFile; fileRef = 035E08081AEB6FE300935A9D /* ThirdViewController.m */; };
/* End PBXBuildFile section */

/* Begin PBXContainerItemProxy section */
		035E07F11AEB64CF00935A9D /* PBXContainerItemProxy */ = {
			isa = PBXContainerItemProxy;
			containerPortal = 035E07CF1AEB64CE00935A9D /* Project object */;
			proxyType = 1;
			remoteGlobalIDString = 035E07D61AEB64CF00935A9D;
			remoteInfo = CustomBackBarButtonItem;
		};
/* End PBXContainerItemProxy section */

/* Begin PBXFileReference section */
		035E07D71AEB64CF00935A9D /* CustomBackBarButtonItem.app */ = {isa = PBXFileReference; explicitFileType = wrapper.application; includeInIndex = 0; path = CustomBackBarButtonItem.app; sourceTree = BUILT_PRODUCTS_DIR; };
		035E07DB1AEB64CF00935A9D /* Info.plist */ = {isa = PBXFileReference; lastKnownFileType = text.plist.xml; path = Info.plist; sourceTree = "<group>"; };
		035E07DC1AEB64CF00935A9D /* main.m */ = {isa = PBXFileReference; lastKnownFileType = sourcecode.c.objc; path = main.m; sourceTree = "<group>"; };
		035E07DE1AEB64CF00935A9D /* AppDelegate.h */ = {isa = PBXFileReference; lastKnownFileType = sourcecode.c.h; path = AppDelegate.h; sourceTree = "<group>"; };
		035E07DF1AEB64CF00935A9D /* AppDelegate.m */ = {isa = PBXFileReference; lastKnownFileType = sourcecode.c.objc; path = AppDelegate.m; sourceTree = "<group>"; };
		035E07E11AEB64CF00935A9D /* ViewController.h */ = {isa = PBXFileReference; lastKnownFileType = sourcecode.c.h; path = ViewController.h; sourceTree = "<group>"; };
		035E07E21AEB64CF00935A9D /* ViewController.m */ = {isa = PBXFileReference; lastKnownFileType = sourcecode.c.objc; path = ViewController.m; sourceTree = "<group>"; };
		035E07E51AEB64CF00935A9D /* Base */ = {isa = PBXFileReference; lastKnownFileType = file.storyboard; name = Base; path = Base.lproj/Main.storyboard; sourceTree = "<group>"; };
		035E07E71AEB64CF00935A9D /* Images.xcassets */ = {isa = PBXFileReference; lastKnownFileType = folder.assetcatalog; path = Images.xcassets; sourceTree = "<group>"; };
		035E07EA1AEB64CF00935A9D /* Base */ = {isa = PBXFileReference; lastKnownFileType = file.xib; name = Base; path = Base.lproj/LaunchScreen.xib; sourceTree = "<group>"; };
		035E07F01AEB64CF00935A9D /* CustomBackBarButtonItemTests.xctest */ = {isa = PBXFileReference; explicitFileType = wrapper.cfbundle; includeInIndex = 0; path = CustomBackBarButtonItemTests.xctest; sourceTree = BUILT_PRODUCTS_DIR; };
		035E07F51AEB64CF00935A9D /* Info.plist */ = {isa = PBXFileReference; lastKnownFileType = text.plist.xml; path = Info.plist; sourceTree = "<group>"; };
		035E07F61AEB64CF00935A9D /* CustomBackBarButtonItemTests.m */ = {isa = PBXFileReference; lastKnownFileType = sourcecode.c.objc; path = CustomBackBarButtonItemTests.m; sourceTree = "<group>"; };
		035E08011AEB6BCC00935A9D /* WFNavigationController.h */ = {isa = PBXFileReference; fileEncoding = 4; lastKnownFileType = sourcecode.c.h; path = WFNavigationController.h; sourceTree = "<group>"; };
		035E08021AEB6BCC00935A9D /* WFNavigationController.m */ = {isa = PBXFileReference; fileEncoding = 4; lastKnownFileType = sourcecode.c.objc; path = WFNavigationController.m; sourceTree = "<group>"; };
		035E08041AEB6FD600935A9D /* SecondViewController.h */ = {isa = PBXFileReference; fileEncoding = 4; lastKnownFileType = sourcecode.c.h; path = SecondViewController.h; sourceTree = "<group>"; };
		035E08051AEB6FD600935A9D /* SecondViewController.m */ = {isa = PBXFileReference; fileEncoding = 4; lastKnownFileType = sourcecode.c.objc; path = SecondViewController.m; sourceTree = "<group>"; };
		035E08071AEB6FE300935A9D /* ThirdViewController.h */ = {isa = PBXFileReference; fileEncoding = 4; lastKnownFileType = sourcecode.c.h; path = ThirdViewController.h; sourceTree = "<group>"; };
		035E08081AEB6FE300935A9D /* ThirdViewController.m */ = {isa = PBXFileReference; fileEncoding = 4; lastKnownFileType = sourcecode.c.objc; path = ThirdViewController.m; sourceTree = "<group>"; };
		035E080D1AEB73D300935A9D /* YYNavigationControllerShouldPopProtocol.h */ = {isa = PBXFileReference; fileEncoding = 4; lastKnownFileType = sourcecode.c.h; path = YYNavigationControllerShouldPopProtocol.h; sourceTree = "<group>"; };
/* End PBXFileReference section */

/* Begin PBXFrameworksBuildPhase section */
		035E07D41AEB64CF00935A9D /* Frameworks */ = {
			isa = PBXFrameworksBuildPhase;
			buildActionMask = 2147483647;
			files = (
			);
			runOnlyForDeploymentPostprocessing = 0;
		};
		035E07ED1AEB64CF00935A9D /* Frameworks */ = {
			isa = PBXFrameworksBuildPhase;
			buildActionMask = 2147483647;
			files = (
			);
			runOnlyForDeploymentPostprocessing = 0;
		};
/* End PBXFrameworksBuildPhase section */

/* Begin PBXGroup section */
		035E07CE1AEB64CE00935A9D = {
			isa = PBXGroup;
			children = (
				035E07D91AEB64CF00935A9D /* CustomBackBarButtonItem */,
				035E07F31AEB64CF00935A9D /* CustomBackBarButtonItemTests */,
				035E07D81AEB64CF00935A9D /* Products */,
			);
			sourceTree = "<group>";
		};
		035E07D81AEB64CF00935A9D /* Products */ = {
			isa = PBXGroup;
			children = (
				035E07D71AEB64CF00935A9D /* CustomBackBarButtonItem.app */,
				035E07F01AEB64CF00935A9D /* CustomBackBarButtonItemTests.xctest */,
			);
			name = Products;
			sourceTree = "<group>";
		};
		035E07D91AEB64CF00935A9D /* CustomBackBarButtonItem */ = {
			isa = PBXGroup;
			children = (
				035E08001AEB6BA300935A9D /* navigation */,
				035E07DE1AEB64CF00935A9D /* AppDelegate.h */,
				035E07DF1AEB64CF00935A9D /* AppDelegate.m */,
				035E07E11AEB64CF00935A9D /* ViewController.h */,
				035E07E21AEB64CF00935A9D /* ViewController.m */,
				035E08041AEB6FD600935A9D /* SecondViewController.h */,
				035E08051AEB6FD600935A9D /* SecondViewController.m */,
				035E08071AEB6FE300935A9D /* ThirdViewController.h */,
				035E08081AEB6FE300935A9D /* ThirdViewController.m */,
				035E07E41AEB64CF00935A9D /* Main.storyboard */,
				035E07E71AEB64CF00935A9D /* Images.xcassets */,
				035E07E91AEB64CF00935A9D /* LaunchScreen.xib */,
				035E07DA1AEB64CF00935A9D /* Supporting Files */,
			);
			path = CustomBackBarButtonItem;
			sourceTree = "<group>";
		};
		035E07DA1AEB64CF00935A9D /* Supporting Files */ = {
			isa = PBXGroup;
			children = (
				035E07DB1AEB64CF00935A9D /* Info.plist */,
				035E07DC1AEB64CF00935A9D /* main.m */,
			);
			name = "Supporting Files";
			sourceTree = "<group>";
		};
		035E07F31AEB64CF00935A9D /* CustomBackBarButtonItemTests */ = {
			isa = PBXGroup;
			children = (
				035E07F61AEB64CF00935A9D /* CustomBackBarButtonItemTests.m */,
				035E07F41AEB64CF00935A9D /* Supporting Files */,
			);
			path = CustomBackBarButtonItemTests;
			sourceTree = "<group>";
		};
		035E07F41AEB64CF00935A9D /* Supporting Files */ = {
			isa = PBXGroup;
			children = (
				035E07F51AEB64CF00935A9D /* Info.plist */,
			);
			name = "Supporting Files";
			sourceTree = "<group>";
		};
		035E08001AEB6BA300935A9D /* navigation */ = {
			isa = PBXGroup;
			children = (
				035E08011AEB6BCC00935A9D /* WFNavigationController.h */,
				035E08021AEB6BCC00935A9D /* WFNavigationController.m */,
				035E080D1AEB73D300935A9D /* YYNavigationControllerShouldPopProtocol.h */,
			);
			name = navigation;
			sourceTree = "<group>";
		};
/* End PBXGroup section */

/* Begin PBXNativeTarget section */
		035E07D61AEB64CF00935A9D /* CustomBackBarButtonItem */ = {
			isa = PBXNativeTarget;
			buildConfigurationList = 035E07FA1AEB64CF00935A9D /* Build configuration list for PBXNativeTarget "CustomBackBarButtonItem" */;
			buildPhases = (
				035E07D31AEB64CF00935A9D /* Sources */,
				035E07D41AEB64CF00935A9D /* Frameworks */,
				035E07D51AEB64CF00935A9D /* Resources */,
			);
			buildRules = (
			);
			dependencies = (
			);
			name = CustomBackBarButtonItem;
			productName = CustomBackBarButtonItem;
			productReference = 035E07D71AEB64CF00935A9D /* CustomBackBarButtonItem.app */;
			productType = "com.apple.product-type.application";
		};
		035E07EF1AEB64CF00935A9D /* CustomBackBarButtonItemTests */ = {
			isa = PBXNativeTarget;
			buildConfigurationList = 035E07FD1AEB64CF00935A9D /* Build configuration list for PBXNativeTarget "CustomBackBarButtonItemTests" */;
			buildPhases = (
				035E07EC1AEB64CF00935A9D /* Sources */,
				035E07ED1AEB64CF00935A9D /* Frameworks */,
				035E07EE1AEB64CF00935A9D /* Resources */,
			);
			buildRules = (
			);
			dependencies = (
				035E07F21AEB64CF00935A9D /* PBXTargetDependency */,
			);
			name = CustomBackBarButtonItemTests;
			productName = CustomBackBarButtonItemTests;
			productReference = 035E07F01AEB64CF00935A9D /* CustomBackBarButtonItemTests.xctest */;
			productType = "com.apple.product-type.bundle.unit-test";
		};
/* End PBXNativeTarget section */

/* Begin PBXProject section */
		035E07CF1AEB64CE00935A9D /* Project object */ = {
			isa = PBXProject;
			attributes = {
				LastUpgradeCheck = 0620;
				ORGANIZATIONNAME = qingsong;
				TargetAttributes = {
					035E07D61AEB64CF00935A9D = {
						CreatedOnToolsVersion = 6.2;
					};
					035E07EF1AEB64CF00935A9D = {
						CreatedOnToolsVersion = 6.2;
						TestTargetID = 035E07D61AEB64CF00935A9D;
					};
				};
			};
			buildConfigurationList = 035E07D21AEB64CE00935A9D /* Build configuration list for PBXProject "CustomBackBarButtonItem" */;
			compatibilityVersion = "Xcode 3.2";
			developmentRegion = English;
			hasScannedForEncodings = 0;
			knownRegions = (
				en,
				Base,
			);
			mainGroup = 035E07CE1AEB64CE00935A9D;
			productRefGroup = 035E07D81AEB64CF00935A9D /* Products */;
			projectDirPath = "";
			projectRoot = "";
			targets = (
				035E07D61AEB64CF00935A9D /* CustomBackBarButtonItem */,
				035E07EF1AEB64CF00935A9D /* CustomBackBarButtonItemTests */,
			);
		};
/* End PBXProject section */

/* Begin PBXResourcesBuildPhase section */
		035E07D51AEB64CF00935A9D /* Resources */ = {
			isa = PBXResourcesBuildPhase;
			buildActionMask = 2147483647;
			files = (
				035E07E61AEB64CF00935A9D /* Main.storyboard in Resources */,
				035E07EB1AEB64CF00935A9D /* LaunchScreen.xib in Resources */,
				035E07E81AEB64CF00935A9D /* Images.xcassets in Resources */,
			);
			runOnlyForDeploymentPostprocessing = 0;
		};
		035E07EE1AEB64CF00935A9D /* Resources */ = {
			isa = PBXResourcesBuildPhase;
			buildActionMask = 2147483647;
			files = (
			);
			runOnlyForDeploymentPostprocessing = 0;
		};
/* End PBXResourcesBuildPhase section */

/* Begin PBXSourcesBuildPhase section */
		035E07D31AEB64CF00935A9D /* Sources */ = {
			isa = PBXSourcesBuildPhase;
			buildActionMask = 2147483647;
			files = (
				035E08061AEB6FD600935A9D /* SecondViewController.m in Sources */,
				035E08031AEB6BCC00935A9D /* WFNavigationController.m in Sources */,
				035E08091AEB6FE300935A9D /* ThirdViewController.m in Sources */,
				035E07E31AEB64CF00935A9D /* ViewController.m in Sources */,
				035E07E01AEB64CF00935A9D /* AppDelegate.m in Sources */,
				035E07DD1AEB64CF00935A9D /* main.m in Sources */,
			);
			runOnlyForDeploymentPostprocessing = 0;
		};
		035E07EC1AEB64CF00935A9D /* Sources */ = {
			isa = PBXSourcesBuildPhase;
			buildActionMask = 2147483647;
			files = (
				035E07F71AEB64CF00935A9D /* CustomBackBarButtonItemTests.m in Sources */,
			);
			runOnlyForDeploymentPostprocessing = 0;
		};
/* End PBXSourcesBuildPhase section */

/* Begin PBXTargetDependency section */
		035E07F21AEB64CF00935A9D /* PBXTargetDependency */ = {
			isa = PBXTargetDependency;
			target = 035E07D61AEB64CF00935A9D /* CustomBackBarButtonItem */;
			targetProxy = 035E07F11AEB64CF00935A9D /* PBXContainerItemProxy */;
		};
/* End PBXTargetDependency section */

/* Begin PBXVariantGroup section */
		035E07E41AEB64CF00935A9D /* Main.storyboard */ = {
			isa = PBXVariantGroup;
			children = (
				035E07E51AEB64CF00935A9D /* Base */,
			);
			name = Main.storyboard;
			sourceTree = "<group>";
		};
		035E07E91AEB64CF00935A9D /* LaunchScreen.xib */ = {
			isa = PBXVariantGroup;
			children = (
				035E07EA1AEB64CF00935A9D /* Base */,
			);
			name = LaunchScreen.xib;
			sourceTree = "<group>";
		};
/* End PBXVariantGroup section */

/* Begin XCBuildConfiguration section */
		035E07F81AEB64CF00935A9D /* Debug */ = {
			isa = XCBuildConfiguration;
			buildSettings = {
				ALWAYS_SEARCH_USER_PATHS = NO;
				CLANG_CXX_LANGUAGE_STANDARD = "gnu++0x";
				CLANG_CXX_LIBRARY = "libc++";
				CLANG_ENABLE_MODULES = YES;
				CLANG_ENABLE_OBJC_ARC = YES;
				CLANG_WARN_BOOL_CONVERSION = YES;
				CLANG_WARN_CONSTANT_CONVERSION = YES;
				CLANG_WARN_DIRECT_OBJC_ISA_USAGE = YES_ERROR;
				CLANG_WARN_EMPTY_BODY = YES;
				CLANG_WARN_ENUM_CONVERSION = YES;
				CLANG_WARN_INT_CONVERSION = YES;
				CLANG_WARN_OBJC_ROOT_CLASS = YES_ERROR;
				CLANG_WARN_UNREACHABLE_CODE = YES;
				CLANG_WARN__DUPLICATE_METHOD_MATCH = YES;
				"CODE_SIGN_IDENTITY[sdk=iphoneos*]" = "iPhone Developer";
				COPY_PHASE_STRIP = NO;
				ENABLE_STRICT_OBJC_MSGSEND = YES;
				GCC_C_LANGUAGE_STANDARD = gnu99;
				GCC_DYNAMIC_NO_PIC = NO;
				GCC_OPTIMIZATION_LEVEL = 0;
				GCC_PREPROCESSOR_DEFINITIONS = (
					"DEBUG=1",
					"$(inherited)",
				);
				GCC_SYMBOLS_PRIVATE_EXTERN = NO;
				GCC_WARN_64_TO_32_BIT_CONVERSION = YES;
				GCC_WARN_ABOUT_RETURN_TYPE = YES_ERROR;
				GCC_WARN_UNDECLARED_SELECTOR = YES;
				GCC_WARN_UNINITIALIZED_AUTOS = YES_AGGRESSIVE;
				GCC_WARN_UNUSED_FUNCTION = YES;
				GCC_WARN_UNUSED_VARIABLE = YES;
				IPHONEOS_DEPLOYMENT_TARGET = 8.2;
				MTL_ENABLE_DEBUG_INFO = YES;
				ONLY_ACTIVE_ARCH = YES;
				SDKROOT = iphoneos;
			};
			name = Debug;
		};
		035E07F91AEB64CF00935A9D /* Release */ = {
			isa = XCBuildConfiguration;
			buildSettings = {
				ALWAYS_SEARCH_USER_PATHS = NO;
				CLANG_CXX_LANGUAGE_STANDARD = "gnu++0x";
				CLANG_CXX_LIBRARY = "libc++";
				CLANG_ENABLE_MODULES = YES;
				CLANG_ENABLE_OBJC_ARC = YES;
				CLANG_WARN_BOOL_CONVERSION = YES;
				CLANG_WARN_CONSTANT_CONVERSION = YES;
				CLANG_WARN_DIRECT_OBJC_ISA_USAGE = YES_ERROR;
				CLANG_WARN_EMPTY_BODY = YES;
				CLANG_WARN_ENUM_CONVERSION = YES;
				CLANG_WARN_INT_CONVERSION = YES;
				CLANG_WARN_OBJC_ROOT_CLASS = YES_ERROR;
				CLANG_WARN_UNREACHABLE_CODE = YES;
				CLANG_WARN__DUPLICATE_METHOD_MATCH = YES;
				"CODE_SIGN_IDENTITY[sdk=iphoneos*]" = "iPhone Developer";
				COPY_PHASE_STRIP = NO;
				ENABLE_NS_ASSERTIONS = NO;
				ENABLE_STRICT_OBJC_MSGSEND = YES;
				GCC_C_LANGUAGE_STANDARD = gnu99;
				GCC_WARN_64_TO_32_BIT_CONVERSION = YES;
				GCC_WARN_ABOUT_RETURN_TYPE = YES_ERROR;
				GCC_WARN_UNDECLARED_SELECTOR = YES;
				GCC_WARN_UNINITIALIZED_AUTOS = YES_AGGRESSIVE;
				GCC_WARN_UNUSED_FUNCTION = YES;
				GCC_WARN_UNUSED_VARIABLE = YES;
				IPHONEOS_DEPLOYMENT_TARGET = 8.2;
				MTL_ENABLE_DEBUG_INFO = NO;
				SDKROOT = iphoneos;
				VALIDATE_PRODUCT = YES;
			};
			name = Release;
		};
		035E07FB1AEB64CF00935A9D /* Debug */ = {
			isa = XCBuildConfiguration;
			buildSettings = {
				ASSETCATALOG_COMPILER_APPICON_NAME = AppIcon;
				INFOPLIST_FILE = CustomBackBarButtonItem/Info.plist;
				IPHONEOS_DEPLOYMENT_TARGET = 7.0;
				LD_RUNPATH_SEARCH_PATHS = "$(inherited) @executable_path/Frameworks";
				PRODUCT_NAME = "$(TARGET_NAME)";
			};
			name = Debug;
		};
		035E07FC1AEB64CF00935A9D /* Release */ = {
			isa = XCBuildConfiguration;
			buildSettings = {
				ASSETCATALOG_COMPILER_APPICON_NAME = AppIcon;
				INFOPLIST_FILE = CustomBackBarButtonItem/Info.plist;
				IPHONEOS_DEPLOYMENT_TARGET = 7.0;
				LD_RUNPATH_SEARCH_PATHS = "$(inherited) @executable_path/Frameworks";
				PRODUCT_NAME = "$(TARGET_NAME)";
			};
			name = Release;
		};
		035E07FE1AEB64CF00935A9D /* Debug */ = {
			isa = XCBuildConfiguration;
			buildSettings = {
				BUNDLE_LOADER = "$(TEST_HOST)";
				FRAMEWORK_SEARCH_PATHS = (
					"$(SDKROOT)/Developer/Library/Frameworks",
					"$(inherited)",
				);
				GCC_PREPROCESSOR_DEFINITIONS = (
					"DEBUG=1",
					"$(inherited)",
				);
				INFOPLIST_FILE = CustomBackBarButtonItemTests/Info.plist;
				LD_RUNPATH_SEARCH_PATHS = "$(inherited) @executable_path/Frameworks @loader_path/Frameworks";
				PRODUCT_NAME = "$(TARGET_NAME)";
				TEST_HOST = "$(BUILT_PRODUCTS_DIR)/CustomBackBarButtonItem.app/CustomBackBarButtonItem";
			};
			name = Debug;
		};
		035E07FF1AEB64CF00935A9D /* Release */ = {
			isa = XCBuildConfiguration;
			buildSettings = {
				BUNDLE_LOADER = "$(TEST_HOST)";
				FRAMEWORK_SEARCH_PATHS = (
					"$(SDKROOT)/Developer/Library/Frameworks",
					"$(inherited)",
				);
				INFOPLIST_FILE = CustomBackBarButtonItemTests/Info.plist;
				LD_RUNPATH_SEARCH_PATHS = "$(inherited) @executable_path/Frameworks @loader_path/Frameworks";
				PRODUCT_NAME = "$(TARGET_NAME)";
				TEST_HOST = "$(BUILT_PRODUCTS_DIR)/CustomBackBarButtonItem.app/CustomBackBarButtonItem";
			};
			name = Release;
		};
/* End XCBuildConfiguration section */

/* Begin XCConfigurationList section */
		035E07D21AEB64CE00935A9D /* Build configuration list for PBXProject "CustomBackBarButtonItem" */ = {
			isa = XCConfigurationList;
			buildConfigurations = (
				035E07F81AEB64CF00935A9D /* Debug */,
				035E07F91AEB64CF00935A9D /* Release */,
			);
			defaultConfigurationIsVisible = 0;
			defaultConfigurationName = Release;
		};
		035E07FA1AEB64CF00935A9D /* Build configuration list for PBXNativeTarget "CustomBackBarButtonItem" */ = {
			isa = XCConfigurationList;
			buildConfigurations = (
				035E07FB1AEB64CF00935A9D /* Debug */,
				035E07FC1AEB64CF00935A9D /* Release */,
			);
			defaultConfigurationIsVisible = 0;
		};
		035E07FD1AEB64CF00935A9D /* Build configuration list for PBXNativeTarget "CustomBackBarButtonItemTests" */ = {
			isa = XCConfigurationList;
			buildConfigurations = (
				035E07FE1AEB64CF00935A9D /* Debug */,
				035E07FF1AEB64CF00935A9D /* Release */,
			);
			defaultConfigurationIsVisible = 0;
		};
/* End XCConfigurationList section */
	};
	rootObject = 035E07CF1AEB64CE00935A9D /* Project object */;
}
